{
  "name": "@bussolabs/laya-router",
  "version": "0.1.1",
  "lockfileVersion": 3,
  "requires": true,
  "packages": {
    "": {
      "name": "@bussolabs/laya-router",
      "version": "0.1.1",
      "license": "MIT",
      "bin": {
        "laya-claude": "bin/laya-claude.mjs",
        "laya-codex": "bin/laya-codex.mjs",
        "laya-explain": "bin/laya-explain.mjs"
      },
      "engines": {
        "node": ">=20.12"
      }
    }
  }
}
